
Microsoft Visual Studio Solution File, Format Version 12.00
# Visual Studio Version 16
VisualStudioVersion = 16.0.30523.141
MinimumVisualStudioVersion = 10.0.40219.1
Project("{FAE04EC0-301F-11D3-BF4B-00C04F79EFBC}") = "Lupescu_Simona_Lab6", "Lupescu_Simona_Lab6.csproj", "{B01FF3CC-81D8-42C9-A41E-306685D3FBA6}"
EndProject
Global
	GlobalSection(SolutionConfigurationPlatforms) = preSolution
		Debug|Any CPU = Debug|Any CPU
		Release|Any CPU = Release|Any CPU
	EndGlobalSection
	GlobalSection(ProjectConfigurationPlatforms) = postSolution
		{B01FF3CC-81D8-42C9-A41E-306685D3FBA6}.Debug|Any CPU.ActiveCfg = Debug|Any CPU
		{B01FF3CC-81D8-42C9-A41E-306685D3FBA6}.Debug|Any CPU.Build.0 = Debug|Any CPU
		{B01FF3CC-81D8-42C9-A41E-306685D3FBA6}.Release|Any CPU.ActiveCfg = Release|Any CPU
		{B01FF3CC-81D8-42C9-A41E-306685D3FBA6}.Release|Any CPU.Build.0 = Release|Any CPU
	EndGlobalSection
	GlobalSection(SolutionProperties) = preSolution
		HideSolutionNode = FALSE
	EndGlobalSection
	GlobalSection(ExtensibilityGlobals) = postSolution
		SolutionGuid = {204C5049-2D0E-4A8C-82B9-C15BBB12C463}
	EndGlobalSection
EndGlobal
